
Microsoft Visual Studio Solution File, Format Version 12.00
# Visual Studio 14
VisualStudioVersion = 14.0.23107.0
MinimumVisualStudioVersion = 10.0.40219.1
Project("{FAE04EC0-301F-11D3-BF4B-00C04F79EFBC}") = "HotPatchEnabler", "HotPatchEnabler\HotPatchEnabler.csproj", "{190D402B-FF65-43A5-95BF-160146BF72E2}"
EndProject
Project("{FAE04EC0-301F-11D3-BF4B-00C04F79EFBC}") = "HotPatch", "HotPatch\HotPatch.csproj", "{210028BD-DA24-493B-B3C1-50CD3B367142}"
EndProject
Project("{FAE04EC0-301F-11D3-BF4B-00C04F79EFBC}") = "Test", "Test\Test.csproj", "{E845018B-BCE5-4E9B-83D1-3855F43AAC5C}"
EndProject
Project("{FAE04EC0-301F-11D3-BF4B-00C04F79EFBC}") = "ToBePatched", "ToBePatched\ToBePatched.csproj", "{06EDFC71-71DA-4F36-A050-DB8DE85B2D15}"
EndProject
Global
	GlobalSection(SolutionConfigurationPlatforms) = preSolution
		Debug|Any CPU = Debug|Any CPU
		Release|Any CPU = Release|Any CPU
	EndGlobalSection
	GlobalSection(ProjectConfigurationPlatforms) = postSolution
		{190D402B-FF65-43A5-95BF-160146BF72E2}.Debug|Any CPU.ActiveCfg = Debug|Any CPU
		{190D402B-FF65-43A5-95BF-160146BF72E2}.Debug|Any CPU.Build.0 = Debug|Any CPU
		{190D402B-FF65-43A5-95BF-160146BF72E2}.Release|Any CPU.ActiveCfg = Release|Any CPU
		{190D402B-FF65-43A5-95BF-160146BF72E2}.Release|Any CPU.Build.0 = Release|Any CPU
		{210028BD-DA24-493B-B3C1-50CD3B367142}.Debug|Any CPU.ActiveCfg = Debug|Any CPU
		{210028BD-DA24-493B-B3C1-50CD3B367142}.Debug|Any CPU.Build.0 = Debug|Any CPU
		{210028BD-DA24-493B-B3C1-50CD3B367142}.Release|Any CPU.ActiveCfg = Release|Any CPU
		{210028BD-DA24-493B-B3C1-50CD3B367142}.Release|Any CPU.Build.0 = Release|Any CPU
		{E845018B-BCE5-4E9B-83D1-3855F43AAC5C}.Debug|Any CPU.ActiveCfg = Debug|Any CPU
		{E845018B-BCE5-4E9B-83D1-3855F43AAC5C}.Debug|Any CPU.Build.0 = Debug|Any CPU
		{E845018B-BCE5-4E9B-83D1-3855F43AAC5C}.Release|Any CPU.ActiveCfg = Release|Any CPU
		{E845018B-BCE5-4E9B-83D1-3855F43AAC5C}.Release|Any CPU.Build.0 = Release|Any CPU
		{06EDFC71-71DA-4F36-A050-DB8DE85B2D15}.Debug|Any CPU.ActiveCfg = Debug|Any CPU
		{06EDFC71-71DA-4F36-A050-DB8DE85B2D15}.Debug|Any CPU.Build.0 = Debug|Any CPU
		{06EDFC71-71DA-4F36-A050-DB8DE85B2D15}.Release|Any CPU.ActiveCfg = Release|Any CPU
		{06EDFC71-71DA-4F36-A050-DB8DE85B2D15}.Release|Any CPU.Build.0 = Release|Any CPU
	EndGlobalSection
	GlobalSection(SolutionProperties) = preSolution
		HideSolutionNode = FALSE
	EndGlobalSection
EndGlobal
